
Microsoft Visual Studio Solution File, Format Version 12.00
# Visual Studio Version 16
VisualStudioVersion = 16.0.31729.503
MinimumVisualStudioVersion = 10.0.40219.1
Project("{FAE04EC0-301F-11D3-BF4B-00C04F79EFBC}") = "Exercise", "Exercise\Exercise.csproj", "{A4BB4A32-3508-45F7-ACBA-036B3D42BDF6}"
EndProject
Global
	GlobalSection(SolutionConfigurationPlatforms) = preSolution
		Debug|Any CPU = Debug|Any CPU
		Release|Any CPU = Release|Any CPU
	EndGlobalSection
	GlobalSection(ProjectConfigurationPlatforms) = postSolution
		{A4BB4A32-3508-45F7-ACBA-036B3D42BDF6}.Debug|Any CPU.ActiveCfg = Debug|Any CPU
		{A4BB4A32-3508-45F7-ACBA-036B3D42BDF6}.Debug|Any CPU.Build.0 = Debug|Any CPU
		{A4BB4A32-3508-45F7-ACBA-036B3D42BDF6}.Release|Any CPU.ActiveCfg = Release|Any CPU
		{A4BB4A32-3508-45F7-ACBA-036B3D42BDF6}.Release|Any CPU.Build.0 = Release|Any CPU
	EndGlobalSection
	GlobalSection(SolutionProperties) = preSolution
		HideSolutionNode = FALSE
	EndGlobalSection
	GlobalSection(ExtensibilityGlobals) = postSolution
		SolutionGuid = {7E5EDCCA-808B-44B6-93BF-C61041E34DC9}
	EndGlobalSection
EndGlobal
